<?xml version="1.0" encoding="utf-8"?>
<Project ToolsVersion="4.0" xmlns="http://schemas.microsoft.com/developer/msbuild/2003">
  <ItemGroup>
    <ClInclude Include="shader.hpp">
      <Filter>Header Files</Filter>
    </ClInclude>
    <ClInclude Include="shader.h">
      <Filter>Header Files</Filter>
    </ClInclude>
    <ClInclude Include="mesh.h">
      <Filter>Header Files</Filter>
    </ClInclude>
    <ClInclude Include="linmath.h">
      <Filter>Header Files</Filter>
    </ClInclude>
    <ClInclude Include="camera.h">
      <Filter>Header Files</Filter>
    </ClInclude>
    <ClInclude Include="stb_image.h">
      <Filter>Header Files</Filter>
    </ClInclude>
    <ClInclude Include="ShapeData.h">
      <Filter>Header Files</Filter>
    </ClInclude>
    <ClInclude Include="ShapeGenerator.h">
      <Filter>Header Files</Filter>
    </ClInclude>
    <ClInclude Include="Vertex.h">
      <Filter>Header Files</Filter>
    </ClInclude>
    <ClInclude Include="CubeGenerator.h">
      <Filter>Header Files</Filter>
    </ClInclude>
    <ClInclude Include="CylinderGenerator.h">
      <Filter>Header Files</Filter>
    </ClInclude>
    <ClInclude Include="common\staticMesh3D.h">
      <Filter>Header Files</Filter>
    </ClInclude>
    <ClInclude Include="common\staticMeshIndexed3D.h">
      <Filter>Header Files</Filter>
    </ClInclude>
    <ClInclude Include="common\vertexBufferObject.h">
      <Filter>Header Files</Filter>
    </ClInclude>
    <ClInclude Include="Cylinder.h">
      <Filter>Header Files</Filter>
    </ClInclude>
    <ClInclude Include="Cube.h">
      <Filter>Header Files</Filter>
    </ClInclude>
    <ClInclude Include="Sphere.h">
      <Filter>Header Files</Filter>
    </ClInclude>
    <ClInclude Include="Pyramid.h">
      <Filter>Header Files</Filter>
    </ClInclude>
  </ItemGroup>
  <ItemGroup>
    <Filter Include="images">
      <UniqueIdentifier>{efc8804d-d9da-4050-99af-3641c4535c4c}</UniqueIdentifier>
    </Filter>
    <Filter Include="shaderfiles">
      <UniqueIdentifier>{3d903fa0-aae9-4af9-8cf0-630e37747405}</UniqueIdentifier>
    </Filter>
    <Filter Include="Source Files">
      <UniqueIdentifier>{5a67e0aa-21ca-4d21-839f-0e8c21ad0bb9}</UniqueIdentifier>
    </Filter>
    <Filter Include="Header Files">
      <UniqueIdentifier>{555abead-dfbc-4cd6-9456-6b8287f8ba06}</UniqueIdentifier>
    </Filter>
  </ItemGroup>
  <ItemGroup>
    <Image Include="images\container.jpg">
      <Filter>images</Filter>
    </Image>
    <Image Include="images\container2.png">
      <Filter>images</Filter>
    </Image>
    <Image Include="images\container2_specular.png">
      <Filter>images</Filter>
    </Image>
    <Image Include="images\egg.jpg">
      <Filter>images</Filter>
    </Image>
    <Image Include="images\marble.jpg">
      <Filter>images</Filter>
    </Image>
    <Image Include="images\green.jpg">
      <Filter>images</Filter>
    </Image>
    <Image Include="images\magenta.jpg">
      <Filter>images</Filter>
    </Image>
    <Image Include="images\awesomeface.png">
      <Filter>images</Filter>
    </Image>
    <Image Include="images\bandana.png">
      <Filter>images</Filter>
    </Image>
    <Image Include="images\brick-texture-close-up-red-masonry-photo-wallpaper-5-500x333.jpg">
      <Filter>images</Filter>
    </Image>
    <Image Include="images\gold_textured_background_hd_picture_3_169654.jpg">
      <Filter>images</Filter>
    </Image>
    <Image Include="images\happy_on_cube.png">
      <Filter>images</Filter>
    </Image>
    <Image Include="images\happy_on_plane.png">
      <Filter>images</Filter>
    </Image>
    <Image Include="images\happy_with_bandana.png">
      <Filter>images</Filter>
    </Image>
    <Image Include="images\happy_with_hat.png">
      <Filter>images</Filter>
    </Image>
    <Image Include="images\metal_texture_set_03_hd_picture_170837.jpg">
      <Filter>images</Filter>
    </Image>
    <Image Include="images\smiley_border.png">
      <Filter>images</Filter>
    </Image>
    <Image Include="images\smiley_clamped.png">
      <Filter>images</Filter>
    </Image>
    <Image Include="images\smiley_mirrored.png">
      <Filter>images</Filter>
    </Image>
    <Image Include="images\smiley_repeat.png">
      <Filter>images</Filter>
    </Image>
    <Image Include="images\wall.jpg">
      <Filter>images</Filter>
    </Image>
    <Image Include="images\pngkit_analog-clock-png_6030012.png">
      <Filter>images</Filter>
    </Image>
    <Image Include="images\IMG_1964.JPG">
      <Filter>images</Filter>
    </Image>
    <Image Include="images\IMG_1965.JPG">
      <Filter>images</Filter>
    </Image>
    <Image Include="images\IMG_1966.JPG">
      <Filter>images</Filter>
    </Image>
    <Image Include="images\IMG_1967.JPG">
      <Filter>images</Filter>
    </Image>
    <Image Include="images\IMG_1968.JPG">
      <Filter>images</Filter>
    </Image>
    <Image Include="images\IMG_1969.JPG">
      <Filter>images</Filter>
    </Image>
    <Image Include="images\IMG_1970.JPG">
      <Filter>images</Filter>
    </Image>
    <Image Include="images\IMG_1971.JPG">
      <Filter>images</Filter>
    </Image>
    <Image Include="images\IMG_1972.JPG">
      <Filter>images</Filter>
    </Image>
    <Image Include="images\IMG_1973.JPG">
      <Filter>images</Filter>
    </Image>
    <Image Include="images\IMG_1974.JPG">
      <Filter>images</Filter>
    </Image>
    <Image Include="images\IMG_1975.JPG">
      <Filter>images</Filter>
    </Image>
    <Image Include="images\IMG_1976.JPG">
      <Filter>images</Filter>
    </Image>
    <Image Include="images\IMG_1977.JPG">
      <Filter>images</Filter>
    </Image>
    <Image Include="images\tableTop.JPG">
      <Filter>images</Filter>
    </Image>
    <Image Include="images\pngkit_clock-vector-png_1190415.png">
      <Filter>images</Filter>
    </Image>
    <Image Include="images\BlackSmooth.jpg">
      <Filter>images</Filter>
    </Image>
    <Image Include="images\BlackWavy.jpg">
      <Filter>images</Filter>
    </Image>
    <Image Include="images\eyeglassCaseTexture.jpg">
      <Filter>images</Filter>
    </Image>
    <Image Include="images\clockBodyTexture.jpg">
      <Filter>images</Filter>
    </Image>
  </ItemGroup>
  <ItemGroup>
    <None Include="shaderfiles\3.3.shader.fs">
      <Filter>shaderfiles</Filter>
    </None>
    <None Include="shaderfiles\3.3.shader.vs">
      <Filter>shaderfiles</Filter>
    </None>
    <None Include="shaderfiles\4.1.texture.fs">
      <Filter>shaderfiles</Filter>
    </None>
    <None Include="shaderfiles\4.1.texture.vs">
      <Filter>shaderfiles</Filter>
    </None>
    <None Include="shaderfiles\4.2.texture.fs">
      <Filter>shaderfiles</Filter>
    </None>
    <None Include="shaderfiles\4.2.texture.vs">
      <Filter>shaderfiles</Filter>
    </None>
    <None Include="shaderfiles\6.light_cube.fs">
      <Filter>shaderfiles</Filter>
    </None>
    <None Include="shaderfiles\6.light_cube.vs">
      <Filter>shaderfiles</Filter>
    </None>
    <None Include="shaderfiles\6.multiple_lights.fs">
      <Filter>shaderfiles</Filter>
    </None>
    <None Include="shaderfiles\6.multiple_lights.vs">
      <Filter>shaderfiles</Filter>
    </None>
    <None Include="shaderfiles\7.1.camera.fs">
      <Filter>shaderfiles</Filter>
    </None>
    <None Include="shaderfiles\7.1.camera.vs">
      <Filter>shaderfiles</Filter>
    </None>
    <None Include="shaderfiles\7.2.camera.fs">
      <Filter>shaderfiles</Filter>
    </None>
    <None Include="shaderfiles\7.2.camera.vs">
      <Filter>shaderfiles</Filter>
    </None>
    <None Include="shaderfiles\7.3.camera.fs">
      <Filter>shaderfiles</Filter>
    </None>
    <None Include="shaderfiles\7.3.camera.vs">
      <Filter>shaderfiles</Filter>
    </None>
    <None Include="shaderfiles\ColorFragmentShader.fragmentshader">
      <Filter>shaderfiles</Filter>
    </None>
    <None Include="shaderfiles\core.frag">
      <Filter>shaderfiles</Filter>
    </None>
    <None Include="shaderfiles\core.vs">
      <Filter>shaderfiles</Filter>
    </None>
    <None Include="shaderfiles\fragShader.fs">
      <Filter>shaderfiles</Filter>
    </None>
    <None Include="shaderfiles\SimpleTransform.vertexshader">
      <Filter>shaderfiles</Filter>
    </None>
    <None Include="shaderfiles\SingleColor.fragmentshader">
      <Filter>shaderfiles</Filter>
    </None>
    <None Include="shaderfiles\TransformVertexShader.vertexshader">
      <Filter>shaderfiles</Filter>
    </None>
    <None Include="shaderfiles\vertShader.vs">
      <Filter>shaderfiles</Filter>
    </None>
  </ItemGroup>
  <ItemGroup>
    <ClCompile Include="glad.c">
      <Filter>Source Files</Filter>
    </ClCompile>
    <ClCompile Include="shader.cpp">
      <Filter>Source Files</Filter>
    </ClCompile>
    <ClCompile Include="ShapeGenerator.cpp">
      <Filter>Source Files</Filter>
    </ClCompile>
    <ClCompile Include="source.cpp">
      <Filter>Source Files</Filter>
    </ClCompile>
    <ClCompile Include="CubeGenerator.cpp">
      <Filter>Source Files</Filter>
    </ClCompile>
    <ClCompile Include="CylinderGenerator.cpp">
      <Filter>Source Files</Filter>
    </ClCompile>
    <ClCompile Include="Cylinder.cpp">
      <Filter>Source Files</Filter>
    </ClCompile>
    <ClCompile Include="staticMesh3D.cpp">
      <Filter>Source Files</Filter>
    </ClCompile>
    <ClCompile Include="staticMeshIndexed3D.cpp">
      <Filter>Source Files</Filter>
    </ClCompile>
    <ClCompile Include="vertexBufferObject.cpp">
      <Filter>Source Files</Filter>
    </ClCompile>
    <ClCompile Include="Pyramid.cpp">
      <Filter>Source Files</Filter>
    </ClCompile>
    <ClCompile Include="source_bak.cpp">
      <Filter>Source Files</Filter>
    </ClCompile>
    <ClCompile Include="sourceOriginal.cpp">
      <Filter>Source Files</Filter>
    </ClCompile>
    <ClCompile Include="Test.cpp">
      <Filter>Source Files</Filter>
    </ClCompile>
    <ClCompile Include="mod7Prj.cpp">
      <Filter>Source Files</Filter>
    </ClCompile>
    <ClCompile Include="Sphere.cpp">
      <Filter>Source Files</Filter>
    </ClCompile>
    <ClCompile Include="tempSphere.cpp">
      <Filter>Source Files</Filter>
    </ClCompile>
    <ClCompile Include="Cube.cpp">
      <Filter>Source Files</Filter>
    </ClCompile>
  </ItemGroup>
</Project>